
Microsoft Visual Studio Solution File, Format Version 12.00
# Visual Studio Version 16
VisualStudioVersion = 16.0.31613.86
MinimumVisualStudioVersion = 10.0.40219.1
Project("{9A19103F-16F7-4668-BE54-9A1E7A4F7556}") = "REST.Performance", "REST.Performance\REST.Performance.csproj", "{3F89447E-FCFA-4D3D-A445-FFE2017EB390}"
EndProject
Project("{9A19103F-16F7-4668-BE54-9A1E7A4F7556}") = "Performance.Models", "Performance.Models\Performance.Models.csproj", "{190DAD84-52EA-4E88-8828-00D50578A638}"
EndProject
Project("{9A19103F-16F7-4668-BE54-9A1E7A4F7556}") = "gRPC.Performance", "gRPC.Performance\gRPC.Performance.csproj", "{07409971-CF25-4ABD-AF67-57B0D18FA834}"
EndProject
Project("{9A19103F-16F7-4668-BE54-9A1E7A4F7556}") = "Performance.Contracts", "Performance.Contracts\Performance.Contracts.csproj", "{C0188FD0-9203-454D-A753-F1CE2789F62A}"
EndProject
Project("{9A19103F-16F7-4668-BE54-9A1E7A4F7556}") = "gRPC.Performance.Client", "gRPC.Performance.Client\gRPC.Performance.Client.csproj", "{131C3865-CCBC-4A7C-8EDB-0B08F16C8DCB}"
EndProject
Project("{9A19103F-16F7-4668-BE54-9A1E7A4F7556}") = "gRPC.Console", "gRPC.Console\gRPC.Console.csproj", "{1A710CDF-F8F6-41CD-9E49-68C01DDE8524}"
EndProject
Project("{2150E333-8FDC-42A3-9474-1A3956D46DE8}") = "gRPC", "gRPC", "{FAF31D9F-7848-4E00-AC96-812B70AD814E}"
EndProject
Project("{2150E333-8FDC-42A3-9474-1A3956D46DE8}") = "REST", "REST", "{E0C5966C-5EAE-424A-9137-194A73670B67}"
EndProject
Project("{9A19103F-16F7-4668-BE54-9A1E7A4F7556}") = "REST.Performance.Client", "REST.Performance.Client\REST.Performance.Client.csproj", "{B86EC69B-81E3-46C9-9091-D4638A14D01C}"
EndProject
Project("{9A19103F-16F7-4668-BE54-9A1E7A4F7556}") = "REST.Console", "REST.Console\REST.Console.csproj", "{4042D7DC-4828-408C-951F-E7705225A4D5}"
EndProject
Project("{9A19103F-16F7-4668-BE54-9A1E7A4F7556}") = "gRPC.Benchmark", "gRPC.Benchmark\gRPC.Benchmark.csproj", "{FCC92BDD-79F3-4D7F-BB3D-D62B4280BF50}"
EndProject
Project("{9A19103F-16F7-4668-BE54-9A1E7A4F7556}") = "REST.Benchmark", "REST.Benchmark\REST.Benchmark.csproj", "{0A331844-C4E4-457C-BB8A-BE2D7A97D07D}"
EndProject
Project("{2150E333-8FDC-42A3-9474-1A3956D46DE8}") = "Models", "Models", "{31B80342-F1C4-4A33-BA13-2AE50B0359D2}"
EndProject
Project("{2150E333-8FDC-42A3-9474-1A3956D46DE8}") = "Contracts", "Contracts", "{8CD0A105-CE29-44D1-AD2F-4A04211D2A6B}"
EndProject
Project("{9A19103F-16F7-4668-BE54-9A1E7A4F7556}") = "gRPC.Proto", "gRPC.Proto\gRPC.Proto.csproj", "{4B55C482-8C1F-45BC-A79F-B3478A060D6C}"
EndProject
Project("{2150E333-8FDC-42A3-9474-1A3956D46DE8}") = "Solution Items", "Solution Items", "{18908939-BF85-4E69-9B8F-40D04420B47C}"
EndProject
Project("{D954291E-2A0B-460D-934E-DC6B0785DB48}") = "Performance.Shared", "Performance.Shared\Performance.Shared.shproj", "{7CC0253C-F50D-42A8-A5ED-21DC6DB5F879}"
EndProject
Global
	GlobalSection(SharedMSBuildProjectFiles) = preSolution
		Performance.Shared\Performance.Shared.projitems*{07409971-cf25-4abd-af67-57b0d18fa834}*SharedItemsImports = 5
		Performance.Shared\Performance.Shared.projitems*{3f89447e-fcfa-4d3d-a445-ffe2017eb390}*SharedItemsImports = 5
		Performance.Shared\Performance.Shared.projitems*{7cc0253c-f50d-42a8-a5ed-21dc6db5f879}*SharedItemsImports = 13
	EndGlobalSection
	GlobalSection(SolutionConfigurationPlatforms) = preSolution
		Debug|Any CPU = Debug|Any CPU
		Release|Any CPU = Release|Any CPU
	EndGlobalSection
	GlobalSection(ProjectConfigurationPlatforms) = postSolution
		{3F89447E-FCFA-4D3D-A445-FFE2017EB390}.Debug|Any CPU.ActiveCfg = Debug|Any CPU
		{3F89447E-FCFA-4D3D-A445-FFE2017EB390}.Debug|Any CPU.Build.0 = Debug|Any CPU
		{3F89447E-FCFA-4D3D-A445-FFE2017EB390}.Release|Any CPU.ActiveCfg = Release|Any CPU
		{3F89447E-FCFA-4D3D-A445-FFE2017EB390}.Release|Any CPU.Build.0 = Release|Any CPU
		{190DAD84-52EA-4E88-8828-00D50578A638}.Debug|Any CPU.ActiveCfg = Debug|Any CPU
		{190DAD84-52EA-4E88-8828-00D50578A638}.Debug|Any CPU.Build.0 = Debug|Any CPU
		{190DAD84-52EA-4E88-8828-00D50578A638}.Release|Any CPU.ActiveCfg = Release|Any CPU
		{190DAD84-52EA-4E88-8828-00D50578A638}.Release|Any CPU.Build.0 = Release|Any CPU
		{07409971-CF25-4ABD-AF67-57B0D18FA834}.Debug|Any CPU.ActiveCfg = Debug|Any CPU
		{07409971-CF25-4ABD-AF67-57B0D18FA834}.Debug|Any CPU.Build.0 = Debug|Any CPU
		{07409971-CF25-4ABD-AF67-57B0D18FA834}.Release|Any CPU.ActiveCfg = Release|Any CPU
		{07409971-CF25-4ABD-AF67-57B0D18FA834}.Release|Any CPU.Build.0 = Release|Any CPU
		{C0188FD0-9203-454D-A753-F1CE2789F62A}.Debug|Any CPU.ActiveCfg = Debug|Any CPU
		{C0188FD0-9203-454D-A753-F1CE2789F62A}.Debug|Any CPU.Build.0 = Debug|Any CPU
		{C0188FD0-9203-454D-A753-F1CE2789F62A}.Release|Any CPU.ActiveCfg = Release|Any CPU
		{C0188FD0-9203-454D-A753-F1CE2789F62A}.Release|Any CPU.Build.0 = Release|Any CPU
		{131C3865-CCBC-4A7C-8EDB-0B08F16C8DCB}.Debug|Any CPU.ActiveCfg = Debug|Any CPU
		{131C3865-CCBC-4A7C-8EDB-0B08F16C8DCB}.Debug|Any CPU.Build.0 = Debug|Any CPU
		{131C3865-CCBC-4A7C-8EDB-0B08F16C8DCB}.Release|Any CPU.ActiveCfg = Release|Any CPU
		{131C3865-CCBC-4A7C-8EDB-0B08F16C8DCB}.Release|Any CPU.Build.0 = Release|Any CPU
		{1A710CDF-F8F6-41CD-9E49-68C01DDE8524}.Debug|Any CPU.ActiveCfg = Debug|Any CPU
		{1A710CDF-F8F6-41CD-9E49-68C01DDE8524}.Debug|Any CPU.Build.0 = Debug|Any CPU
		{1A710CDF-F8F6-41CD-9E49-68C01DDE8524}.Release|Any CPU.ActiveCfg = Release|Any CPU
		{1A710CDF-F8F6-41CD-9E49-68C01DDE8524}.Release|Any CPU.Build.0 = Release|Any CPU
		{B86EC69B-81E3-46C9-9091-D4638A14D01C}.Debug|Any CPU.ActiveCfg = Debug|Any CPU
		{B86EC69B-81E3-46C9-9091-D4638A14D01C}.Debug|Any CPU.Build.0 = Debug|Any CPU
		{B86EC69B-81E3-46C9-9091-D4638A14D01C}.Release|Any CPU.ActiveCfg = Release|Any CPU
		{B86EC69B-81E3-46C9-9091-D4638A14D01C}.Release|Any CPU.Build.0 = Release|Any CPU
		{4042D7DC-4828-408C-951F-E7705225A4D5}.Debug|Any CPU.ActiveCfg = Debug|Any CPU
		{4042D7DC-4828-408C-951F-E7705225A4D5}.Debug|Any CPU.Build.0 = Debug|Any CPU
		{4042D7DC-4828-408C-951F-E7705225A4D5}.Release|Any CPU.ActiveCfg = Release|Any CPU
		{4042D7DC-4828-408C-951F-E7705225A4D5}.Release|Any CPU.Build.0 = Release|Any CPU
		{FCC92BDD-79F3-4D7F-BB3D-D62B4280BF50}.Debug|Any CPU.ActiveCfg = Debug|Any CPU
		{FCC92BDD-79F3-4D7F-BB3D-D62B4280BF50}.Debug|Any CPU.Build.0 = Debug|Any CPU
		{FCC92BDD-79F3-4D7F-BB3D-D62B4280BF50}.Release|Any CPU.ActiveCfg = Release|Any CPU
		{FCC92BDD-79F3-4D7F-BB3D-D62B4280BF50}.Release|Any CPU.Build.0 = Release|Any CPU
		{0A331844-C4E4-457C-BB8A-BE2D7A97D07D}.Debug|Any CPU.ActiveCfg = Debug|Any CPU
		{0A331844-C4E4-457C-BB8A-BE2D7A97D07D}.Debug|Any CPU.Build.0 = Debug|Any CPU
		{0A331844-C4E4-457C-BB8A-BE2D7A97D07D}.Release|Any CPU.ActiveCfg = Release|Any CPU
		{0A331844-C4E4-457C-BB8A-BE2D7A97D07D}.Release|Any CPU.Build.0 = Release|Any CPU
		{4B55C482-8C1F-45BC-A79F-B3478A060D6C}.Debug|Any CPU.ActiveCfg = Debug|Any CPU
		{4B55C482-8C1F-45BC-A79F-B3478A060D6C}.Debug|Any CPU.Build.0 = Debug|Any CPU
		{4B55C482-8C1F-45BC-A79F-B3478A060D6C}.Release|Any CPU.ActiveCfg = Release|Any CPU
		{4B55C482-8C1F-45BC-A79F-B3478A060D6C}.Release|Any CPU.Build.0 = Release|Any CPU
	EndGlobalSection
	GlobalSection(SolutionProperties) = preSolution
		HideSolutionNode = FALSE
	EndGlobalSection
	GlobalSection(NestedProjects) = preSolution
		{3F89447E-FCFA-4D3D-A445-FFE2017EB390} = {E0C5966C-5EAE-424A-9137-194A73670B67}
		{190DAD84-52EA-4E88-8828-00D50578A638} = {31B80342-F1C4-4A33-BA13-2AE50B0359D2}
		{07409971-CF25-4ABD-AF67-57B0D18FA834} = {FAF31D9F-7848-4E00-AC96-812B70AD814E}
		{C0188FD0-9203-454D-A753-F1CE2789F62A} = {8CD0A105-CE29-44D1-AD2F-4A04211D2A6B}
		{131C3865-CCBC-4A7C-8EDB-0B08F16C8DCB} = {FAF31D9F-7848-4E00-AC96-812B70AD814E}
		{1A710CDF-F8F6-41CD-9E49-68C01DDE8524} = {FAF31D9F-7848-4E00-AC96-812B70AD814E}
		{B86EC69B-81E3-46C9-9091-D4638A14D01C} = {E0C5966C-5EAE-424A-9137-194A73670B67}
		{4042D7DC-4828-408C-951F-E7705225A4D5} = {E0C5966C-5EAE-424A-9137-194A73670B67}
		{FCC92BDD-79F3-4D7F-BB3D-D62B4280BF50} = {FAF31D9F-7848-4E00-AC96-812B70AD814E}
		{0A331844-C4E4-457C-BB8A-BE2D7A97D07D} = {E0C5966C-5EAE-424A-9137-194A73670B67}
		{31B80342-F1C4-4A33-BA13-2AE50B0359D2} = {E0C5966C-5EAE-424A-9137-194A73670B67}
		{8CD0A105-CE29-44D1-AD2F-4A04211D2A6B} = {FAF31D9F-7848-4E00-AC96-812B70AD814E}
		{4B55C482-8C1F-45BC-A79F-B3478A060D6C} = {FAF31D9F-7848-4E00-AC96-812B70AD814E}
	EndGlobalSection
	GlobalSection(ExtensibilityGlobals) = postSolution
		SolutionGuid = {D9D688EB-3E63-48A1-A064-020A00E9C5A2}
	EndGlobalSection
EndGlobal
